// !$*UTF8*$!
{
	archiveVersion = 1;
	classes = {
	};
	objectVersion = 56;
	objects = {

/* Begin PBXBuildFile section */
		DD614F892B39821B006913FD /* Chart.swift in Sources */ = {isa = PBXBuildFile; fileRef = DD614F882B39821B006913FD /* Chart.swift */; };
		DDC37C4F2B36D76C005083EB /* ExpenseTrackerApp.swift in Sources */ = {isa = PBXBuildFile; fileRef = DDC37C4E2B36D76C005083EB /* ExpenseTrackerApp.swift */; };
		DDC37C512B36D76C005083EB /* ContentView.swift in Sources */ = {isa = PBXBuildFile; fileRef = DDC37C502B36D76C005083EB /* ContentView.swift */; };
		DDC37C532B36D76D005083EB /* Assets.xcassets in Resources */ = {isa = PBXBuildFile; fileRef = DDC37C522B36D76D005083EB /* Assets.xcassets */; };
		DDC37C562B36D76D005083EB /* Preview Assets.xcassets in Resources */ = {isa = PBXBuildFile; fileRef = DDC37C552B36D76D005083EB /* Preview Assets.xcassets */; };
		DDC37C602B36D8B3005083EB /* IntroScreen.swift in Sources */ = {isa = PBXBuildFile; fileRef = DDC37C5F2B36D8B3005083EB /* IntroScreen.swift */; };
		DDC37C632B36D9FD005083EB /* Constants.swift in Sources */ = {isa = PBXBuildFile; fileRef = DDC37C622B36D9FD005083EB /* Constants.swift */; };
		DDC37C652B36DE0B005083EB /* Tab.swift in Sources */ = {isa = PBXBuildFile; fileRef = DDC37C642B36DE0B005083EB /* Tab.swift */; };
		DDC37C672B36DE46005083EB /* Points.swift in Sources */ = {isa = PBXBuildFile; fileRef = DDC37C662B36DE46005083EB /* Points.swift */; };
		DDC37C692B36E152005083EB /* Category.swift in Sources */ = {isa = PBXBuildFile; fileRef = DDC37C682B36E152005083EB /* Category.swift */; };
		DDC37C6B2B36E186005083EB /* Transactions.swift in Sources */ = {isa = PBXBuildFile; fileRef = DDC37C6A2B36E186005083EB /* Transactions.swift */; };
		DDC37C6D2B36E20A005083EB /* TintColor.swift in Sources */ = {isa = PBXBuildFile; fileRef = DDC37C6C2B36E20A005083EB /* TintColor.swift */; };
		DDC37C702B36E36F005083EB /* Recents.swift in Sources */ = {isa = PBXBuildFile; fileRef = DDC37C6F2B36E36F005083EB /* Recents.swift */; };
		DDC37C722B36E385005083EB /* Search.swift in Sources */ = {isa = PBXBuildFile; fileRef = DDC37C712B36E385005083EB /* Search.swift */; };
		DDC37C742B36E390005083EB /* Graphs.swift in Sources */ = {isa = PBXBuildFile; fileRef = DDC37C732B36E390005083EB /* Graphs.swift */; };
		DDC37C762B36E399005083EB /* Settings.swift in Sources */ = {isa = PBXBuildFile; fileRef = DDC37C752B36E399005083EB /* Settings.swift */; };
		DDC37C782B36E50C005083EB /* View+Extensions.swift in Sources */ = {isa = PBXBuildFile; fileRef = DDC37C772B36E50C005083EB /* View+Extensions.swift */; };
		DDC37C7A2B36EC52005083EB /* Date+Extensions.swift in Sources */ = {isa = PBXBuildFile; fileRef = DDC37C792B36EC52005083EB /* Date+Extensions.swift */; };
		DDC37C7D2B36EE9C005083EB /* CardView.swift in Sources */ = {isa = PBXBuildFile; fileRef = DDC37C7C2B36EE9C005083EB /* CardView.swift */; };
		DDC37C7F2B36FA97005083EB /* TransactionCardView.swift in Sources */ = {isa = PBXBuildFile; fileRef = DDC37C7E2B36FA97005083EB /* TransactionCardView.swift */; };
		DDC37C812B36FD9A005083EB /* SwipeAction.swift in Sources */ = {isa = PBXBuildFile; fileRef = DDC37C802B36FD9A005083EB /* SwipeAction.swift */; };
		DDC37C832B36FF63005083EB /* DateFilterView.swift in Sources */ = {isa = PBXBuildFile; fileRef = DDC37C822B36FF63005083EB /* DateFilterView.swift */; };
		DDC37CAA2B3860BF005083EB /* LockView.swift in Sources */ = {isa = PBXBuildFile; fileRef = DDC37CA92B3860BF005083EB /* LockView.swift */; };
		DDC37CAF2B387A65005083EB /* TransactionView.swift in Sources */ = {isa = PBXBuildFile; fileRef = DDC37CAE2B387A65005083EB /* TransactionView.swift */; };
		DDC37CB12B387AF7005083EB /* FilterTransactionsView.swift in Sources */ = {isa = PBXBuildFile; fileRef = DDC37CB02B387AF7005083EB /* FilterTransactionsView.swift */; };
/* End PBXBuildFile section */

/* Begin PBXFileReference section */
		DD614F882B39821B006913FD /* Chart.swift */ = {isa = PBXFileReference; lastKnownFileType = sourcecode.swift; path = Chart.swift; sourceTree = "<group>"; };
		DDC37C4B2B36D76C005083EB /* ExpenseTracker.app */ = {isa = PBXFileReference; explicitFileType = wrapper.application; includeInIndex = 0; path = ExpenseTracker.app; sourceTree = BUILT_PRODUCTS_DIR; };
		DDC37C4E2B36D76C005083EB /* ExpenseTrackerApp.swift */ = {isa = PBXFileReference; lastKnownFileType = sourcecode.swift; path = ExpenseTrackerApp.swift; sourceTree = "<group>"; };
		DDC37C502B36D76C005083EB /* ContentView.swift */ = {isa = PBXFileReference; lastKnownFileType = sourcecode.swift; path = ContentView.swift; sourceTree = "<group>"; };
		DDC37C522B36D76D005083EB /* Assets.xcassets */ = {isa = PBXFileReference; lastKnownFileType = folder.assetcatalog; path = Assets.xcassets; sourceTree = "<group>"; };
		DDC37C552B36D76D005083EB /* Preview Assets.xcassets */ = {isa = PBXFileReference; lastKnownFileType = folder.assetcatalog; path = "Preview Assets.xcassets"; sourceTree = "<group>"; };
		DDC37C5F2B36D8B3005083EB /* IntroScreen.swift */ = {isa = PBXFileReference; lastKnownFileType = sourcecode.swift; path = IntroScreen.swift; sourceTree = "<group>"; };
		DDC37C622B36D9FD005083EB /* Constants.swift */ = {isa = PBXFileReference; lastKnownFileType = sourcecode.swift; path = Constants.swift; sourceTree = "<group>"; };
		DDC37C642B36DE0B005083EB /* Tab.swift */ = {isa = PBXFileReference; lastKnownFileType = sourcecode.swift; path = Tab.swift; sourceTree = "<group>"; };
		DDC37C662B36DE46005083EB /* Points.swift */ = {isa = PBXFileReference; lastKnownFileType = sourcecode.swift; path = Points.swift; sourceTree = "<group>"; };
		DDC37C682B36E152005083EB /* Category.swift */ = {isa = PBXFileReference; lastKnownFileType = sourcecode.swift; path = Category.swift; sourceTree = "<group>"; };
		DDC37C6A2B36E186005083EB /* Transactions.swift */ = {isa = PBXFileReference; lastKnownFileType = sourcecode.swift; path = Transactions.swift; sourceTree = "<group>"; };
		DDC37C6C2B36E20A005083EB /* TintColor.swift */ = {isa = PBXFileReference; lastKnownFileType = sourcecode.swift; path = TintColor.swift; sourceTree = "<group>"; };
		DDC37C6F2B36E36F005083EB /* Recents.swift */ = {isa = PBXFileReference; lastKnownFileType = sourcecode.swift; path = Recents.swift; sourceTree = "<group>"; };
		DDC37C712B36E385005083EB /* Search.swift */ = {isa = PBXFileReference; lastKnownFileType = sourcecode.swift; path = Search.swift; sourceTree = "<group>"; };
		DDC37C732B36E390005083EB /* Graphs.swift */ = {isa = PBXFileReference; lastKnownFileType = sourcecode.swift; path = Graphs.swift; sourceTree = "<group>"; };
		DDC37C752B36E399005083EB /* Settings.swift */ = {isa = PBXFileReference; lastKnownFileType = sourcecode.swift; path = Settings.swift; sourceTree = "<group>"; };
		DDC37C772B36E50C005083EB /* View+Extensions.swift */ = {isa = PBXFileReference; lastKnownFileType = sourcecode.swift; path = "View+Extensions.swift"; sourceTree = "<group>"; };
		DDC37C792B36EC52005083EB /* Date+Extensions.swift */ = {isa = PBXFileReference; lastKnownFileType = sourcecode.swift; path = "Date+Extensions.swift"; sourceTree = "<group>"; };
		DDC37C7C2B36EE9C005083EB /* CardView.swift */ = {isa = PBXFileReference; lastKnownFileType = sourcecode.swift; path = CardView.swift; sourceTree = "<group>"; };
		DDC37C7E2B36FA97005083EB /* TransactionCardView.swift */ = {isa = PBXFileReference; lastKnownFileType = sourcecode.swift; path = TransactionCardView.swift; sourceTree = "<group>"; };
		DDC37C802B36FD9A005083EB /* SwipeAction.swift */ = {isa = PBXFileReference; fileEncoding = 4; lastKnownFileType = sourcecode.swift; path = SwipeAction.swift; sourceTree = "<group>"; };
		DDC37C822B36FF63005083EB /* DateFilterView.swift */ = {isa = PBXFileReference; lastKnownFileType = sourcecode.swift; path = DateFilterView.swift; sourceTree = "<group>"; };
		DDC37CA92B3860BF005083EB /* LockView.swift */ = {isa = PBXFileReference; fileEncoding = 4; lastKnownFileType = sourcecode.swift; path = LockView.swift; sourceTree = "<group>"; };
		DDC37CAE2B387A65005083EB /* TransactionView.swift */ = {isa = PBXFileReference; lastKnownFileType = sourcecode.swift; path = TransactionView.swift; sourceTree = "<group>"; };
		DDC37CB02B387AF7005083EB /* FilterTransactionsView.swift */ = {isa = PBXFileReference; lastKnownFileType = sourcecode.swift; path = FilterTransactionsView.swift; sourceTree = "<group>"; };
/* End PBXFileReference section */

/* Begin PBXFrameworksBuildPhase section */
		DDC37C482B36D76C005083EB /* Frameworks */ = {
			isa = PBXFrameworksBuildPhase;
			buildActionMask = 2147483647;
			files = (
			);
			runOnlyForDeploymentPostprocessing = 0;
		};
/* End PBXFrameworksBuildPhase section */

/* Begin PBXGroup section */
		DDC37C422B36D76C005083EB = {
			isa = PBXGroup;
			children = (
				DDC37C4D2B36D76C005083EB /* ExpenseTracker */,
				DDC37C4C2B36D76C005083EB /* Products */,
			);
			sourceTree = "<group>";
		};
		DDC37C4C2B36D76C005083EB /* Products */ = {
			isa = PBXGroup;
			children = (
				DDC37C4B2B36D76C005083EB /* ExpenseTracker.app */,
			);
			name = Products;
			sourceTree = "<group>";
		};
		DDC37C4D2B36D76C005083EB /* ExpenseTracker */ = {
			isa = PBXGroup;
			children = (
				DDC37C612B36D9EE005083EB /* Helpers */,
				DDC37C5E2B36D896005083EB /* Models */,
				DDC37C5D2B36D891005083EB /* Views */,
				DDC37C4E2B36D76C005083EB /* ExpenseTrackerApp.swift */,
				DDC37C502B36D76C005083EB /* ContentView.swift */,
				DDC37C522B36D76D005083EB /* Assets.xcassets */,
				DDC37C542B36D76D005083EB /* Preview Content */,
			);
			path = ExpenseTracker;
			sourceTree = "<group>";
		};
		DDC37C542B36D76D005083EB /* Preview Content */ = {
			isa = PBXGroup;
			children = (
				DDC37C552B36D76D005083EB /* Preview Assets.xcassets */,
			);
			path = "Preview Content";
			sourceTree = "<group>";
		};
		DDC37C5D2B36D891005083EB /* Views */ = {
			isa = PBXGroup;
			children = (
				DDC37C7B2B36EE86005083EB /* Components */,
				DDC37C6E2B36E361005083EB /* TabViews */,
				DDC37C5F2B36D8B3005083EB /* IntroScreen.swift */,
				DDC37CAE2B387A65005083EB /* TransactionView.swift */,
			);
			path = Views;
			sourceTree = "<group>";
		};
		DDC37C5E2B36D896005083EB /* Models */ = {
			isa = PBXGroup;
			children = (
				DDC37C642B36DE0B005083EB /* Tab.swift */,
				DDC37C662B36DE46005083EB /* Points.swift */,
				DDC37C682B36E152005083EB /* Category.swift */,
				DDC37C6A2B36E186005083EB /* Transactions.swift */,
				DDC37C6C2B36E20A005083EB /* TintColor.swift */,
				DD614F882B39821B006913FD /* Chart.swift */,
			);
			path = Models;
			sourceTree = "<group>";
		};
		DDC37C612B36D9EE005083EB /* Helpers */ = {
			isa = PBXGroup;
			children = (
				DDC37CA92B3860BF005083EB /* LockView.swift */,
				DDC37C622B36D9FD005083EB /* Constants.swift */,
				DDC37C772B36E50C005083EB /* View+Extensions.swift */,
				DDC37C792B36EC52005083EB /* Date+Extensions.swift */,
				DDC37CB02B387AF7005083EB /* FilterTransactionsView.swift */,
			);
			path = Helpers;
			sourceTree = "<group>";
		};
		DDC37C6E2B36E361005083EB /* TabViews */ = {
			isa = PBXGroup;
			children = (
				DDC37C6F2B36E36F005083EB /* Recents.swift */,
				DDC37C712B36E385005083EB /* Search.swift */,
				DDC37C732B36E390005083EB /* Graphs.swift */,
				DDC37C752B36E399005083EB /* Settings.swift */,
			);
			path = TabViews;
			sourceTree = "<group>";
		};
		DDC37C7B2B36EE86005083EB /* Components */ = {
			isa = PBXGroup;
			children = (
				DDC37C802B36FD9A005083EB /* SwipeAction.swift */,
				DDC37C7C2B36EE9C005083EB /* CardView.swift */,
				DDC37C7E2B36FA97005083EB /* TransactionCardView.swift */,
				DDC37C822B36FF63005083EB /* DateFilterView.swift */,
			);
			path = Components;
			sourceTree = "<group>";
		};
/* End PBXGroup section */

/* Begin PBXNativeTarget section */
		DDC37C4A2B36D76C005083EB /* ExpenseTracker */ = {
			isa = PBXNativeTarget;
			buildConfigurationList = DDC37C592B36D76D005083EB /* Build configuration list for PBXNativeTarget "ExpenseTracker" */;
			buildPhases = (
				DDC37C472B36D76C005083EB /* Sources */,
				DDC37C482B36D76C005083EB /* Frameworks */,
				DDC37C492B36D76C005083EB /* Resources */,
			);
			buildRules = (
			);
			dependencies = (
			);
			name = ExpenseTracker;
			productName = ExpenseTracker;
			productReference = DDC37C4B2B36D76C005083EB /* ExpenseTracker.app */;
			productType = "com.apple.product-type.application";
		};
/* End PBXNativeTarget section */

/* Begin PBXProject section */
		DDC37C432B36D76C005083EB /* Project object */ = {
			isa = PBXProject;
			attributes = {
				BuildIndependentTargetsInParallel = 1;
				LastSwiftUpdateCheck = 1510;
				LastUpgradeCheck = 1510;
				TargetAttributes = {
					DDC37C4A2B36D76C005083EB = {
						CreatedOnToolsVersion = 15.1;
					};
				};
			};
			buildConfigurationList = DDC37C462B36D76C005083EB /* Build configuration list for PBXProject "ExpenseTracker" */;
			compatibilityVersion = "Xcode 14.0";
			developmentRegion = en;
			hasScannedForEncodings = 0;
			knownRegions = (
				en,
				Base,
			);
			mainGroup = DDC37C422B36D76C005083EB;
			productRefGroup = DDC37C4C2B36D76C005083EB /* Products */;
			projectDirPath = "";
			projectRoot = "";
			targets = (
				DDC37C4A2B36D76C005083EB /* ExpenseTracker */,
			);
		};
/* End PBXProject section */

/* Begin PBXResourcesBuildPhase section */
		DDC37C492B36D76C005083EB /* Resources */ = {
			isa = PBXResourcesBuildPhase;
			buildActionMask = 2147483647;
			files = (
				DDC37C562B36D76D005083EB /* Preview Assets.xcassets in Resources */,
				DDC37C532B36D76D005083EB /* Assets.xcassets in Resources */,
			);
			runOnlyForDeploymentPostprocessing = 0;
		};
/* End PBXResourcesBuildPhase section */

/* Begin PBXSourcesBuildPhase section */
		DDC37C472B36D76C005083EB /* Sources */ = {
			isa = PBXSourcesBuildPhase;
			buildActionMask = 2147483647;
			files = (
				DDC37C742B36E390005083EB /* Graphs.swift in Sources */,
				DDC37C722B36E385005083EB /* Search.swift in Sources */,
				DDC37C762B36E399005083EB /* Settings.swift in Sources */,
				DDC37C512B36D76C005083EB /* ContentView.swift in Sources */,
				DDC37CAF2B387A65005083EB /* TransactionView.swift in Sources */,
				DDC37CB12B387AF7005083EB /* FilterTransactionsView.swift in Sources */,
				DDC37C602B36D8B3005083EB /* IntroScreen.swift in Sources */,
				DDC37C652B36DE0B005083EB /* Tab.swift in Sources */,
				DDC37C7F2B36FA97005083EB /* TransactionCardView.swift in Sources */,
				DDC37C832B36FF63005083EB /* DateFilterView.swift in Sources */,
				DDC37C4F2B36D76C005083EB /* ExpenseTrackerApp.swift in Sources */,
				DDC37C702B36E36F005083EB /* Recents.swift in Sources */,
				DD614F892B39821B006913FD /* Chart.swift in Sources */,
				DDC37C7A2B36EC52005083EB /* Date+Extensions.swift in Sources */,
				DDC37C672B36DE46005083EB /* Points.swift in Sources */,
				DDC37C632B36D9FD005083EB /* Constants.swift in Sources */,
				DDC37CAA2B3860BF005083EB /* LockView.swift in Sources */,
				DDC37C782B36E50C005083EB /* View+Extensions.swift in Sources */,
				DDC37C6B2B36E186005083EB /* Transactions.swift in Sources */,
				DDC37C812B36FD9A005083EB /* SwipeAction.swift in Sources */,
				DDC37C6D2B36E20A005083EB /* TintColor.swift in Sources */,
				DDC37C7D2B36EE9C005083EB /* CardView.swift in Sources */,
				DDC37C692B36E152005083EB /* Category.swift in Sources */,
			);
			runOnlyForDeploymentPostprocessing = 0;
		};
/* End PBXSourcesBuildPhase section */

/* Begin XCBuildConfiguration section */
		DDC37C572B36D76D005083EB /* Debug */ = {
			isa = XCBuildConfiguration;
			buildSettings = {
				ALWAYS_SEARCH_USER_PATHS = NO;
				ASSETCATALOG_COMPILER_GENERATE_SWIFT_ASSET_SYMBOL_EXTENSIONS = YES;
				CLANG_ANALYZER_NONNULL = YES;
				CLANG_ANALYZER_NUMBER_OBJECT_CONVERSION = YES_AGGRESSIVE;
				CLANG_CXX_LANGUAGE_STANDARD = "gnu++20";
				CLANG_ENABLE_MODULES = YES;
				CLANG_ENABLE_OBJC_ARC = YES;
				CLANG_ENABLE_OBJC_WEAK = YES;
				CLANG_WARN_BLOCK_CAPTURE_AUTORELEASING = YES;
				CLANG_WARN_BOOL_CONVERSION = YES;
				CLANG_WARN_COMMA = YES;
				CLANG_WARN_CONSTANT_CONVERSION = YES;
				CLANG_WARN_DEPRECATED_OBJC_IMPLEMENTATIONS = YES;
				CLANG_WARN_DIRECT_OBJC_ISA_USAGE = YES_ERROR;
				CLANG_WARN_DOCUMENTATION_COMMENTS = YES;
				CLANG_WARN_EMPTY_BODY = YES;
				CLANG_WARN_ENUM_CONVERSION = YES;
				CLANG_WARN_INFINITE_RECURSION = YES;
				CLANG_WARN_INT_CONVERSION = YES;
				CLANG_WARN_NON_LITERAL_NULL_CONVERSION = YES;
				CLANG_WARN_OBJC_IMPLICIT_RETAIN_SELF = YES;
				CLANG_WARN_OBJC_LITERAL_CONVERSION = YES;
				CLANG_WARN_OBJC_ROOT_CLASS = YES_ERROR;
				CLANG_WARN_QUOTED_INCLUDE_IN_FRAMEWORK_HEADER = YES;
				CLANG_WARN_RANGE_LOOP_ANALYSIS = YES;
				CLANG_WARN_STRICT_PROTOTYPES = YES;
				CLANG_WARN_SUSPICIOUS_MOVE = YES;
				CLANG_WARN_UNGUARDED_AVAILABILITY = YES_AGGRESSIVE;
				CLANG_WARN_UNREACHABLE_CODE = YES;
				CLANG_WARN__DUPLICATE_METHOD_MATCH = YES;
				COPY_PHASE_STRIP = NO;
				DEBUG_INFORMATION_FORMAT = dwarf;
				ENABLE_STRICT_OBJC_MSGSEND = YES;
				ENABLE_TESTABILITY = YES;
				ENABLE_USER_SCRIPT_SANDBOXING = YES;
				GCC_C_LANGUAGE_STANDARD = gnu17;
				GCC_DYNAMIC_NO_PIC = NO;
				GCC_NO_COMMON_BLOCKS = YES;
				GCC_OPTIMIZATION_LEVEL = 0;
				GCC_PREPROCESSOR_DEFINITIONS = (
					"DEBUG=1",
					"$(inherited)",
				);
				GCC_WARN_64_TO_32_BIT_CONVERSION = YES;
				GCC_WARN_ABOUT_RETURN_TYPE = YES_ERROR;
				GCC_WARN_UNDECLARED_SELECTOR = YES;
				GCC_WARN_UNINITIALIZED_AUTOS = YES_AGGRESSIVE;
				GCC_WARN_UNUSED_FUNCTION = YES;
				GCC_WARN_UNUSED_VARIABLE = YES;
				IPHONEOS_DEPLOYMENT_TARGET = 17.2;
				LOCALIZATION_PREFERS_STRING_CATALOGS = YES;
				MTL_ENABLE_DEBUG_INFO = INCLUDE_SOURCE;
				MTL_FAST_MATH = YES;
				ONLY_ACTIVE_ARCH = YES;
				SDKROOT = iphoneos;
				SWIFT_ACTIVE_COMPILATION_CONDITIONS = "DEBUG $(inherited)";
				SWIFT_OPTIMIZATION_LEVEL = "-Onone";
			};
			name = Debug;
		};
		DDC37C582B36D76D005083EB /* Release */ = {
			isa = XCBuildConfiguration;
			buildSettings = {
				ALWAYS_SEARCH_USER_PATHS = NO;
				ASSETCATALOG_COMPILER_GENERATE_SWIFT_ASSET_SYMBOL_EXTENSIONS = YES;
				CLANG_ANALYZER_NONNULL = YES;
				CLANG_ANALYZER_NUMBER_OBJECT_CONVERSION = YES_AGGRESSIVE;
				CLANG_CXX_LANGUAGE_STANDARD = "gnu++20";
				CLANG_ENABLE_MODULES = YES;
				CLANG_ENABLE_OBJC_ARC = YES;
				CLANG_ENABLE_OBJC_WEAK = YES;
				CLANG_WARN_BLOCK_CAPTURE_AUTORELEASING = YES;
				CLANG_WARN_BOOL_CONVERSION = YES;
				CLANG_WARN_COMMA = YES;
				CLANG_WARN_CONSTANT_CONVERSION = YES;
				CLANG_WARN_DEPRECATED_OBJC_IMPLEMENTATIONS = YES;
				CLANG_WARN_DIRECT_OBJC_ISA_USAGE = YES_ERROR;
				CLANG_WARN_DOCUMENTATION_COMMENTS = YES;
				CLANG_WARN_EMPTY_BODY = YES;
				CLANG_WARN_ENUM_CONVERSION = YES;
				CLANG_WARN_INFINITE_RECURSION = YES;
				CLANG_WARN_INT_CONVERSION = YES;
				CLANG_WARN_NON_LITERAL_NULL_CONVERSION = YES;
				CLANG_WARN_OBJC_IMPLICIT_RETAIN_SELF = YES;
				CLANG_WARN_OBJC_LITERAL_CONVERSION = YES;
				CLANG_WARN_OBJC_ROOT_CLASS = YES_ERROR;
				CLANG_WARN_QUOTED_INCLUDE_IN_FRAMEWORK_HEADER = YES;
				CLANG_WARN_RANGE_LOOP_ANALYSIS = YES;
				CLANG_WARN_STRICT_PROTOTYPES = YES;
				CLANG_WARN_SUSPICIOUS_MOVE = YES;
				CLANG_WARN_UNGUARDED_AVAILABILITY = YES_AGGRESSIVE;
				CLANG_WARN_UNREACHABLE_CODE = YES;
				CLANG_WARN__DUPLICATE_METHOD_MATCH = YES;
				COPY_PHASE_STRIP = NO;
				DEBUG_INFORMATION_FORMAT = "dwarf-with-dsym";
				ENABLE_NS_ASSERTIONS = NO;
				ENABLE_STRICT_OBJC_MSGSEND = YES;
				ENABLE_USER_SCRIPT_SANDBOXING = YES;
				GCC_C_LANGUAGE_STANDARD = gnu17;
				GCC_NO_COMMON_BLOCKS = YES;
				GCC_WARN_64_TO_32_BIT_CONVERSION = YES;
				GCC_WARN_ABOUT_RETURN_TYPE = YES_ERROR;
				GCC_WARN_UNDECLARED_SELECTOR = YES;
				GCC_WARN_UNINITIALIZED_AUTOS = YES_AGGRESSIVE;
				GCC_WARN_UNUSED_FUNCTION = YES;
				GCC_WARN_UNUSED_VARIABLE = YES;
				IPHONEOS_DEPLOYMENT_TARGET = 17.2;
				LOCALIZATION_PREFERS_STRING_CATALOGS = YES;
				MTL_ENABLE_DEBUG_INFO = NO;
				MTL_FAST_MATH = YES;
				SDKROOT = iphoneos;
				SWIFT_COMPILATION_MODE = wholemodule;
				VALIDATE_PRODUCT = YES;
			};
			name = Release;
		};
		DDC37C5A2B36D76D005083EB /* Debug */ = {
			isa = XCBuildConfiguration;
			buildSettings = {
				ASSETCATALOG_COMPILER_APPICON_NAME = AppIcon;
				ASSETCATALOG_COMPILER_GLOBAL_ACCENT_COLOR_NAME = AccentColor;
				CODE_SIGN_STYLE = Automatic;
				CURRENT_PROJECT_VERSION = 1;
				DEVELOPMENT_ASSET_PATHS = "\"ExpenseTracker/Preview Content\"";
				ENABLE_PREVIEWS = YES;
				GENERATE_INFOPLIST_FILE = YES;
				INFOPLIST_KEY_CFBundleDisplayName = "Expense Tracker";
				INFOPLIST_KEY_NSFaceIDUsageDescription = "";
				INFOPLIST_KEY_UIApplicationSceneManifest_Generation = YES;
				INFOPLIST_KEY_UIApplicationSupportsIndirectInputEvents = YES;
				INFOPLIST_KEY_UILaunchScreen_Generation = YES;
				INFOPLIST_KEY_UISupportedInterfaceOrientations_iPad = "UIInterfaceOrientationPortrait UIInterfaceOrientationPortraitUpsideDown UIInterfaceOrientationLandscapeLeft UIInterfaceOrientationLandscapeRight";
				INFOPLIST_KEY_UISupportedInterfaceOrientations_iPhone = "UIInterfaceOrientationPortrait UIInterfaceOrientationLandscapeLeft UIInterfaceOrientationLandscapeRight";
				LD_RUNPATH_SEARCH_PATHS = (
					"$(inherited)",
					"@executable_path/Frameworks",
				);
				MARKETING_VERSION = 1.0;
				PRODUCT_BUNDLE_IDENTIFIER = com.ExpenseTracker;
				PRODUCT_NAME = "$(TARGET_NAME)";
				SWIFT_EMIT_LOC_STRINGS = YES;
				SWIFT_VERSION = 5.0;
				TARGETED_DEVICE_FAMILY = "1,2";
			};
			name = Debug;
		};
		DDC37C5B2B36D76D005083EB /* Release */ = {
			isa = XCBuildConfiguration;
			buildSettings = {
				ASSETCATALOG_COMPILER_APPICON_NAME = AppIcon;
				ASSETCATALOG_COMPILER_GLOBAL_ACCENT_COLOR_NAME = AccentColor;
				CODE_SIGN_STYLE = Automatic;
				CURRENT_PROJECT_VERSION = 1;
				DEVELOPMENT_ASSET_PATHS = "\"ExpenseTracker/Preview Content\"";
				ENABLE_PREVIEWS = YES;
				GENERATE_INFOPLIST_FILE = YES;
				INFOPLIST_KEY_CFBundleDisplayName = "Expense Tracker";
				INFOPLIST_KEY_NSFaceIDUsageDescription = "";
				INFOPLIST_KEY_UIApplicationSceneManifest_Generation = YES;
				INFOPLIST_KEY_UIApplicationSupportsIndirectInputEvents = YES;
				INFOPLIST_KEY_UILaunchScreen_Generation = YES;
				INFOPLIST_KEY_UISupportedInterfaceOrientations_iPad = "UIInterfaceOrientationPortrait UIInterfaceOrientationPortraitUpsideDown UIInterfaceOrientationLandscapeLeft UIInterfaceOrientationLandscapeRight";
				INFOPLIST_KEY_UISupportedInterfaceOrientations_iPhone = "UIInterfaceOrientationPortrait UIInterfaceOrientationLandscapeLeft UIInterfaceOrientationLandscapeRight";
				LD_RUNPATH_SEARCH_PATHS = (
					"$(inherited)",
					"@executable_path/Frameworks",
				);
				MARKETING_VERSION = 1.0;
				PRODUCT_BUNDLE_IDENTIFIER = com.ExpenseTracker;
				PRODUCT_NAME = "$(TARGET_NAME)";
				SWIFT_EMIT_LOC_STRINGS = YES;
				SWIFT_VERSION = 5.0;
				TARGETED_DEVICE_FAMILY = "1,2";
			};
			name = Release;
		};
/* End XCBuildConfiguration section */

/* Begin XCConfigurationList section */
		DDC37C462B36D76C005083EB /* Build configuration list for PBXProject "ExpenseTracker" */ = {
			isa = XCConfigurationList;
			buildConfigurations = (
				DDC37C572B36D76D005083EB /* Debug */,
				DDC37C582B36D76D005083EB /* Release */,
			);
			defaultConfigurationIsVisible = 0;
			defaultConfigurationName = Release;
		};
		DDC37C592B36D76D005083EB /* Build configuration list for PBXNativeTarget "ExpenseTracker" */ = {
			isa = XCConfigurationList;
			buildConfigurations = (
				DDC37C5A2B36D76D005083EB /* Debug */,
				DDC37C5B2B36D76D005083EB /* Release */,
			);
			defaultConfigurationIsVisible = 0;
			defaultConfigurationName = Release;
		};
/* End XCConfigurationList section */
	};
	rootObject = DDC37C432B36D76C005083EB /* Project object */;
}
